<Solution>
  <Folder Name="/docs/">
    <File Path="README.md" />
  </Folder>
  <Folder Name="/sample/">
    <Project Path="sample/Atc.Microsoft.Graph.Client.Sample/Atc.Microsoft.Graph.Client.Sample.csproj" />
  </Folder>
  <Folder Name="/src/">
    <Project Path="src/Atc.Microsoft.Graph.Client/Atc.Microsoft.Graph.Client.csproj" />
  </Folder>
  <Folder Name="/test/">
    <Project Path="test/Atc.Microsoft.Graph.Client.Tests/Atc.Microsoft.Graph.Client.Tests.csproj" />
  </Folder>
</Solution>
